{
  "name": "aicompleter-chrome-extension",
  "lockfileVersion": 3,
  "requires": true,
  "packages": {
    "": {
      "dependencies": {
        "@inboxsdk/core": "^2.2.1"
      }
    },
    "node_modules/@babel/runtime": {
      "version": "7.26.9",
      "resolved": "https://registry.npmjs.org/@babel/runtime/-/runtime-7.26.9.tgz",
      "integrity": "sha512-aA63XwOkcl4xxQa3HjPMqOP6LiK0ZDv3mUPYEFXkpHbaFjtGggE1A61FjFzJnB+p7/oy2gA8E+rcBNl/zC1tMg==",
      "dependencies": {
        "regenerator-runtime": "^0.14.0"
      },
      "engines": {
        "node": ">=6.9.0"
      }
    },
    "node_modules/@inboxsdk/core": {
      "version": "2.2.1",
      "resolved": "https://registry.npmjs.org/@inboxsdk/core/-/core-2.2.1.tgz",
      "integrity": "sha512-nuLHADIGa2vvkDWIDgCuiycnbJi4oy0xxddUavmdoRY5UpeMZ272Vp+k9JpB8t4IbrX6MgAlPMBHDqsbzpJRgQ==",
      "dependencies": {
        "@babel/runtime": "^7.23.1",
        "@types/kefir": "^3.8.6",
        "@types/node": "*",
        "@types/transducers.js": "^0.3.0",
        "asap": "^2.0.3",
        "fast-deep-equal": "^3.1.3",
        "kefir-cast": "^3.3.0",
        "live-set": "^1.0.0",
        "page-parser-tree": "^0.4.0",
        "sha.js": "^2.4.0",
        "tag-tree": "^1.0.0",
        "typed-emitter": "^2.1.0"
      }
    },
    "node_modules/@types/kefir": {
      "version": "3.8.11",
      "resolved": "https://registry.npmjs.org/@types/kefir/-/kefir-3.8.11.tgz",
      "integrity": "sha512-5TRdFXQYsVUvqIH6nYjslHzBgn4hnptcutXnqAhfbKdWD/799c44hFhQGF3887E2t/Q4jSp3RvNFCaQ+b9w6vQ==",
      "dependencies": {
        "@types/node": "*"
      }
    },
    "node_modules/@types/node": {
      "version": "22.13.5",
      "resolved": "https://registry.npmjs.org/@types/node/-/node-22.13.5.tgz",
      "integrity": "sha512-+lTU0PxZXn0Dr1NBtC7Y8cR21AJr87dLLU953CWA6pMxxv/UDc7jYAY90upcrie1nRcD6XNG5HOYEDtgW5TxAg==",
      "dependencies": {
        "undici-types": "~6.20.0"
      }
    },
    "node_modules/@types/transducers.js": {
      "version": "0.3.4",
      "resolved": "https://registry.npmjs.org/@types/transducers.js/-/transducers.js-0.3.4.tgz",
      "integrity": "sha512-aKAbf7SsIb/bZTOqZNKsPDnqZF8P5YYC2ulB3tQQK93MkH018rYo/Mx++GmjYz4jZUi5WLCu9c2W/+wFtdaEmw=="
    },
    "node_modules/@types/zen-observable": {
      "version": "0.8.7",
      "resolved": "https://registry.npmjs.org/@types/zen-observable/-/zen-observable-0.8.7.tgz",
      "integrity": "sha512-LKzNTjj+2j09wAo/vvVjzgw5qckJJzhdGgWHW7j69QIGdq/KnZrMAMIHQiWGl3Ccflh5/CudBAntTPYdprPltA=="
    },
    "node_modules/asap": {
      "version": "2.0.6",
      "resolved": "https://registry.npmjs.org/asap/-/asap-2.0.6.tgz",
      "integrity": "sha512-BSHWgDSAiKs50o2Re8ppvp3seVHXSRM44cdSsT9FfNEUUZLOGWVCsiWaRPWM1Znn+mqZ1OfVZ3z3DWEzSp7hRA=="
    },
    "node_modules/envify": {
      "version": "4.1.0",
      "resolved": "https://registry.npmjs.org/envify/-/envify-4.1.0.tgz",
      "integrity": "sha512-IKRVVoAYr4pIx4yIWNsz9mOsboxlNXiu7TNBnem/K/uTHdkyzXWDzHCK7UTolqBbgaBz0tQHsD3YNls0uIIjiw==",
      "dependencies": {
        "esprima": "^4.0.0",
        "through": "~2.3.4"
      },
      "bin": {
        "envify": "bin/envify"
      }
    },
    "node_modules/esprima": {
      "version": "4.0.1",
      "resolved": "https://registry.npmjs.org/esprima/-/esprima-4.0.1.tgz",
      "integrity": "sha512-eGuFFw7Upda+g4p+QHvnW0RyTX/SVeJBDM/gCtMARO0cLuT2HcEKnTPvhjV6aGeqrCB/sbNop0Kszm0jsaWU4A==",
      "bin": {
        "esparse": "bin/esparse.js",
        "esvalidate": "bin/esvalidate.js"
      },
      "engines": {
        "node": ">=4"
      }
    },
    "node_modules/fast-deep-equal": {
      "version": "3.1.3",
      "resolved": "https://registry.npmjs.org/fast-deep-equal/-/fast-deep-equal-3.1.3.tgz",
      "integrity": "sha512-f3qQ9oQy9j2AhBe/H9VC91wLmKBCCU/gDOnKNAYG5hswO7BLKj09Hc5HYNz9cGI++xlpDCIgDaitVs03ATR84Q=="
    },
    "node_modules/inherits": {
      "version": "2.0.4",
      "resolved": "https://registry.npmjs.org/inherits/-/inherits-2.0.4.tgz",
      "integrity": "sha512-k/vGaX4/Yla3WzyMCvTQOXYeIHvqOKtnqBduzTHpzpQZzAskKMhZ2K+EnBiSM9zGSoIFeMpXKxa4dYeZIQqewQ=="
    },
    "node_modules/kefir": {
      "version": "3.8.8",
      "resolved": "https://registry.npmjs.org/kefir/-/kefir-3.8.8.tgz",
      "integrity": "sha512-xWga7QCZsR2Wjy2vNL3Kq/irT+IwxwItEWycRRlT5yhqHZK2fmEhziP+LzcJBWSTAMranGKtGTQ6lFpyJS3+jA==",
      "peer": true
    },
    "node_modules/kefir-cast": {
      "version": "3.3.0",
      "resolved": "https://registry.npmjs.org/kefir-cast/-/kefir-cast-3.3.0.tgz",
      "integrity": "sha512-TJVZcKTxMS0qUOPicLTUi3wQvJ0h6rY6T+URxg2Vg9lClGdJ3VoNknh+zmP9FRRGr+soXMBbmfVZzjmaCGClCQ==",
      "peerDependencies": {
        "kefir": "^3.0.0"
      }
    },
    "node_modules/live-set": {
      "version": "1.0.0",
      "resolved": "https://registry.npmjs.org/live-set/-/live-set-1.0.0.tgz",
      "integrity": "sha512-zNGPekAhiHsaS7AFYwNXMzZhlWCaoBOSR/7ChaVWvZX3uj/EoPq2i+qzmvJt43GJT4EUzfsK7Zp3O+sBbQ8NEg==",
      "dependencies": {
        "@babel/runtime": "^7.0.0",
        "@types/transducers.js": "^0.3.0",
        "@types/zen-observable": "^0.8.0",
        "asap": "^2.0.5",
        "envify": "^4.0.0",
        "symbol-observable": "^1.0.4",
        "zen-observable": "^0.8.9"
      }
    },
    "node_modules/matches-selector-ng": {
      "version": "1.1.0",
      "resolved": "https://registry.npmjs.org/matches-selector-ng/-/matches-selector-ng-1.1.0.tgz",
      "integrity": "sha512-PE0TMiXI3PzhYIMLBfTU/zFr1qw0eX8UYB64hdfBaA302u5yItQl3q/ftY85U3BLScZp0Gzw0SMxXYwXDVCBsA=="
    },
    "node_modules/page-parser-tree": {
      "version": "0.4.0",
      "resolved": "https://registry.npmjs.org/page-parser-tree/-/page-parser-tree-0.4.0.tgz",
      "integrity": "sha512-Cjg7FBDADHmOxFWqWMJWR7jRXMVDe7QfFFVv9PkHqG3Jaq0CSxpOTWmWJJ71VmcC1H/9+aJwwJQUAqnU1nmF/w==",
      "dependencies": {
        "@babel/runtime": "^7.4.5",
        "live-set": "^1.0.0",
        "matches-selector-ng": "^1.0.0",
        "tag-tree": "^1.0.0",
        "transducers.js": "^0.3.2"
      }
    },
    "node_modules/regenerator-runtime": {
      "version": "0.14.1",
      "resolved": "https://registry.npmjs.org/regenerator-runtime/-/regenerator-runtime-0.14.1.tgz",
      "integrity": "sha512-dYnhHh0nJoMfnkZs6GmmhFknAGRrLznOu5nc9ML+EJxGvrx6H7teuevqVqCuPcPK//3eDrrjQhehXVx9cnkGdw=="
    },
    "node_modules/rxjs": {
      "version": "7.8.2",
      "resolved": "https://registry.npmjs.org/rxjs/-/rxjs-7.8.2.tgz",
      "integrity": "sha512-dhKf903U/PQZY6boNNtAGdWbG85WAbjT/1xYoZIC7FAY0yWapOBQVsVrDl58W86//e1VpMNBtRV4MaXfdMySFA==",
      "optional": true,
      "dependencies": {
        "tslib": "^2.1.0"
      }
    },
    "node_modules/safe-buffer": {
      "version": "5.2.1",
      "resolved": "https://registry.npmjs.org/safe-buffer/-/safe-buffer-5.2.1.tgz",
      "integrity": "sha512-rp3So07KcdmmKbGvgaNxQSJr7bGVSVk5S9Eq1F+ppbRo70+YeaDxkw5Dd8NPN+GD6bjnYm2VuPuCXmpuYvmCXQ==",
      "funding": [
        {
          "type": "github",
          "url": "https://github.com/sponsors/feross"
        },
        {
          "type": "patreon",
          "url": "https://www.patreon.com/feross"
        },
        {
          "type": "consulting",
          "url": "https://feross.org/support"
        }
      ]
    },
    "node_modules/sha.js": {
      "version": "2.4.11",
      "resolved": "https://registry.npmjs.org/sha.js/-/sha.js-2.4.11.tgz",
      "integrity": "sha512-QMEp5B7cftE7APOjk5Y6xgrbWu+WkLVQwk8JNjZ8nKRciZaByEW6MubieAiToS7+dwvrjGhH8jRXz3MVd0AYqQ==",
      "dependencies": {
        "inherits": "^2.0.1",
        "safe-buffer": "^5.0.1"
      },
      "bin": {
        "sha.js": "bin.js"
      }
    },
    "node_modules/symbol-observable": {
      "version": "1.2.0",
      "resolved": "https://registry.npmjs.org/symbol-observable/-/symbol-observable-1.2.0.tgz",
      "integrity": "sha512-e900nM8RRtGhlV36KGEU9k65K3mPb1WV70OdjfxlG2EAuM1noi/E/BaW/uMhL7bPEssK8QV57vN3esixjUvcXQ==",
      "engines": {
        "node": ">=0.10.0"
      }
    },
    "node_modules/tag-tree": {
      "version": "1.0.0",
      "resolved": "https://registry.npmjs.org/tag-tree/-/tag-tree-1.0.0.tgz",
      "integrity": "sha512-o+G3FpZtDYmkLKjQ4Wkj1G8KLSPR3BOu9s0t8VHq4yjCyyyAf+vvV+0VteTatTaHFh2bNazujICdH7UAUN9fug==",
      "dependencies": {
        "@babel/runtime": "^7.0.0",
        "live-set": "^1.0.0"
      }
    },
    "node_modules/through": {
      "version": "2.3.8",
      "resolved": "https://registry.npmjs.org/through/-/through-2.3.8.tgz",
      "integrity": "sha512-w89qg7PI8wAdvX60bMDP+bFoD5Dvhm9oLheFp5O4a2QF0cSBGsBX4qZmadPMvVqlLJBBci+WqGGOAPvcDeNSVg=="
    },
    "node_modules/transducers.js": {
      "version": "0.3.2",
      "resolved": "https://registry.npmjs.org/transducers.js/-/transducers.js-0.3.2.tgz",
      "integrity": "sha512-O/rpze9uLIGq5sVjvMhYoPt1VFUd9RoouKAltLnTIXZ1cj+2wdSEHGuqNsu4NYzvDchJ2tB/ssb8qVn2NCosXA=="
    },
    "node_modules/tslib": {
      "version": "2.8.1",
      "resolved": "https://registry.npmjs.org/tslib/-/tslib-2.8.1.tgz",
      "integrity": "sha512-oJFu94HQb+KVduSUQL7wnpmqnfmLsOA/nAh6b6EH0wCEoK0/mPeXU6c3wKDV83MkOuHPRHtSXKKU99IBazS/2w==",
      "optional": true
    },
    "node_modules/typed-emitter": {
      "version": "2.1.0",
      "resolved": "https://registry.npmjs.org/typed-emitter/-/typed-emitter-2.1.0.tgz",
      "integrity": "sha512-g/KzbYKbH5C2vPkaXGu8DJlHrGKHLsM25Zg9WuC9pMGfuvT+X25tZQWo5fK1BjBm8+UrVE9LDCvaY0CQk+fXDA==",
      "optionalDependencies": {
        "rxjs": "*"
      }
    },
    "node_modules/undici-types": {
      "version": "6.20.0",
      "resolved": "https://registry.npmjs.org/undici-types/-/undici-types-6.20.0.tgz",
      "integrity": "sha512-Ny6QZ2Nju20vw1SRHe3d9jVu6gJ+4e3+MMpqu7pqE5HT6WsTSlce++GQmK5UXS8mzV8DSYHrQH+Xrf2jVcuKNg=="
    },
    "node_modules/zen-observable": {
      "version": "0.8.15",
      "resolved": "https://registry.npmjs.org/zen-observable/-/zen-observable-0.8.15.tgz",
      "integrity": "sha512-PQ2PC7R9rslx84ndNBZB/Dkv8V8fZEpk83RLgXtYd0fwUgEjseMn1Dgajh2x6S8QbZAFa9p2qVCEuYZNgve0dQ=="
    }
  }
}
